
Microsoft Visual Studio Solution File, Format Version 12.00
# Visual Studio Version 17
VisualStudioVersion = 17.4.33205.214
MinimumVisualStudioVersion = 10.0.40219.1
Project("{9A19103F-16F7-4668-BE54-9A1E7A4F7556}") = "inlamningsUppgift", "inlamningsUppgift\inlamningsUppgift.csproj", "{C3EA4E6D-6A42-40C4-936B-34DD1E2E3DF7}"
EndProject
Global
	GlobalSection(SolutionConfigurationPlatforms) = preSolution
		Debug|Any CPU = Debug|Any CPU
		Release|Any CPU = Release|Any CPU
	EndGlobalSection
	GlobalSection(ProjectConfigurationPlatforms) = postSolution
		{C3EA4E6D-6A42-40C4-936B-34DD1E2E3DF7}.Debug|Any CPU.ActiveCfg = Debug|Any CPU
		{C3EA4E6D-6A42-40C4-936B-34DD1E2E3DF7}.Debug|Any CPU.Build.0 = Debug|Any CPU
		{C3EA4E6D-6A42-40C4-936B-34DD1E2E3DF7}.Release|Any CPU.ActiveCfg = Release|Any CPU
		{C3EA4E6D-6A42-40C4-936B-34DD1E2E3DF7}.Release|Any CPU.Build.0 = Release|Any CPU
	EndGlobalSection
	GlobalSection(SolutionProperties) = preSolution
		HideSolutionNode = FALSE
	EndGlobalSection
	GlobalSection(ExtensibilityGlobals) = postSolution
		SolutionGuid = {2A72EDFF-D81A-4BD7-8A35-0501E1C830EB}
	EndGlobalSection
EndGlobal
